{
  "name": "projeto-cron",
  "lockfileVersion": 3,
  "requires": true,
  "packages": {
    "": {
      "dependencies": {
        "later": "^1.2.0",
        "typescript": "^5.7.2"
      }
    },
    "node_modules/later": {
      "version": "1.2.0",
      "resolved": "https://registry.npmjs.org/later/-/later-1.2.0.tgz",
      "integrity": "sha512-Gi4c6JariwTigfAQLFCyWKKtyY5yzMZOdJdUH9Ori4FqQxQYDREvDRTu5N+jBM7hcnyEDMeYjhmRUTwLIjEMqA==",
      "deprecated": "Please upgrade to the maintained and new drop-in replacement @breejs/later at https://github.com/breejs/later 🚀 Thanks and happy hacking! 🚀  @niftylettuce",
      "license": "MIT"
    },
    "node_modules/typescript": {
      "version": "5.7.2",
      "resolved": "https://registry.npmjs.org/typescript/-/typescript-5.7.2.tgz",
      "integrity": "sha512-i5t66RHxDvVN40HfDd1PsEThGNnlMCMT3jMUuoh9/0TaqWevNontacunWyN02LA9/fIbEWlcHZcgTKb9QoaLfg==",
      "license": "Apache-2.0",
      "bin": {
        "tsc": "bin/tsc",
        "tsserver": "bin/tsserver"
      },
      "engines": {
        "node": ">=14.17"
      }
    }
  }
}
